
Microsoft Visual Studio Solution File, Format Version 12.00
# Visual Studio Version 16
VisualStudioVersion = 16.0.31624.102
MinimumVisualStudioVersion = 10.0.40219.1
Project("{8BC9CEB8-8B4A-11D0-8D11-00A0C91BC942}") = "For", "For\For.vcxproj", "{CDD7C759-0368-469A-891B-98B80AB620B7}"
EndProject
Global
	GlobalSection(SolutionConfigurationPlatforms) = preSolution
		Debug|x64 = Debug|x64
		Debug|x86 = Debug|x86
		Release|x64 = Release|x64
		Release|x86 = Release|x86
	EndGlobalSection
	GlobalSection(ProjectConfigurationPlatforms) = postSolution
		{CDD7C759-0368-469A-891B-98B80AB620B7}.Debug|x64.ActiveCfg = Debug|x64
		{CDD7C759-0368-469A-891B-98B80AB620B7}.Debug|x64.Build.0 = Debug|x64
		{CDD7C759-0368-469A-891B-98B80AB620B7}.Debug|x86.ActiveCfg = Debug|Win32
		{CDD7C759-0368-469A-891B-98B80AB620B7}.Debug|x86.Build.0 = Debug|Win32
		{CDD7C759-0368-469A-891B-98B80AB620B7}.Release|x64.ActiveCfg = Release|x64
		{CDD7C759-0368-469A-891B-98B80AB620B7}.Release|x64.Build.0 = Release|x64
		{CDD7C759-0368-469A-891B-98B80AB620B7}.Release|x86.ActiveCfg = Release|Win32
		{CDD7C759-0368-469A-891B-98B80AB620B7}.Release|x86.Build.0 = Release|Win32
	EndGlobalSection
	GlobalSection(SolutionProperties) = preSolution
		HideSolutionNode = FALSE
	EndGlobalSection
	GlobalSection(ExtensibilityGlobals) = postSolution
		SolutionGuid = {A84CB769-9FA0-4A27-BD14-FF2F0919E261}
	EndGlobalSection
EndGlobal
